
Microsoft Visual Studio Solution File, Format Version 12.00
# Visual Studio Version 17
VisualStudioVersion = 17.5.002.0
MinimumVisualStudioVersion = 10.0.40219.1
Project("{9A19103F-16F7-4668-BE54-9A1E7A4F7556}") = "game", "game.csproj", "{00714CAE-FBC8-4867-9D3C-943176BD423F}"
EndProject
Global
	GlobalSection(SolutionConfigurationPlatforms) = preSolution
		Debug|Any CPU = Debug|Any CPU
		Release|Any CPU = Release|Any CPU
	EndGlobalSection
	GlobalSection(ProjectConfigurationPlatforms) = postSolution
		{00714CAE-FBC8-4867-9D3C-943176BD423F}.Debug|Any CPU.ActiveCfg = Debug|Any CPU
		{00714CAE-FBC8-4867-9D3C-943176BD423F}.Debug|Any CPU.Build.0 = Debug|Any CPU
		{00714CAE-FBC8-4867-9D3C-943176BD423F}.Release|Any CPU.ActiveCfg = Release|Any CPU
		{00714CAE-FBC8-4867-9D3C-943176BD423F}.Release|Any CPU.Build.0 = Release|Any CPU
	EndGlobalSection
	GlobalSection(SolutionProperties) = preSolution
		HideSolutionNode = FALSE
	EndGlobalSection
	GlobalSection(ExtensibilityGlobals) = postSolution
		SolutionGuid = {F852DC00-8D14-4A0E-8986-0D2E9944DAE7}
	EndGlobalSection
EndGlobal
